
Microsoft Visual Studio Solution File, Format Version 12.00
# Visual Studio Version 17
VisualStudioVersion = 17.14.36414.22 d17.14
MinimumVisualStudioVersion = 10.0.40219.1
Project("{FAE04EC0-301F-11D3-BF4B-00C04F79EFBC}") = "For Funsies", "For Funsies\For Funsies.csproj", "{C021CE96-533F-43DD-A08F-04C1B6EB4BA6}"
EndProject
Global
	GlobalSection(SolutionConfigurationPlatforms) = preSolution
		Debug|Any CPU = Debug|Any CPU
		Release|Any CPU = Release|Any CPU
	EndGlobalSection
	GlobalSection(ProjectConfigurationPlatforms) = postSolution
		{C021CE96-533F-43DD-A08F-04C1B6EB4BA6}.Debug|Any CPU.ActiveCfg = Debug|Any CPU
		{C021CE96-533F-43DD-A08F-04C1B6EB4BA6}.Debug|Any CPU.Build.0 = Debug|Any CPU
		{C021CE96-533F-43DD-A08F-04C1B6EB4BA6}.Release|Any CPU.ActiveCfg = Release|Any CPU
		{C021CE96-533F-43DD-A08F-04C1B6EB4BA6}.Release|Any CPU.Build.0 = Release|Any CPU
	EndGlobalSection
	GlobalSection(SolutionProperties) = preSolution
		HideSolutionNode = FALSE
	EndGlobalSection
	GlobalSection(ExtensibilityGlobals) = postSolution
		SolutionGuid = {38D2B988-B3C0-4B37-A8EC-1AF7D3052E6A}
	EndGlobalSection
EndGlobal
